// !$*UTF8*$!
{
	archiveVersion = 1;
	classes = {
	};
	objectVersion = 46;
	objects = {

/* Begin PBXBuildFile section */
		4401C9A51BDDD7E8009032D4 /* NSData+SCExtend.h in Headers */ = {isa = PBXBuildFile; fileRef = 4401C96C1BDDD7E8009032D4 /* NSData+SCExtend.h */; settings = {ASSET_TAGS = (); }; };
		4401C9A61BDDD7E8009032D4 /* NSData+SCExtend.m in Sources */ = {isa = PBXBuildFile; fileRef = 4401C96D1BDDD7E8009032D4 /* NSData+SCExtend.m */; settings = {ASSET_TAGS = (); }; };
		4401C9A71BDDD7E8009032D4 /* NSDate+SCExtend.h in Headers */ = {isa = PBXBuildFile; fileRef = 4401C96E1BDDD7E8009032D4 /* NSDate+SCExtend.h */; settings = {ASSET_TAGS = (); }; };
		4401C9A81BDDD7E8009032D4 /* NSDate+SCExtend.m in Sources */ = {isa = PBXBuildFile; fileRef = 4401C96F1BDDD7E8009032D4 /* NSDate+SCExtend.m */; settings = {ASSET_TAGS = (); }; };
		4401C9A91BDDD7E8009032D4 /* NSDictionary+SCParam.h in Headers */ = {isa = PBXBuildFile; fileRef = 4401C9701BDDD7E8009032D4 /* NSDictionary+SCParam.h */; settings = {ASSET_TAGS = (); }; };
		4401C9AA1BDDD7E8009032D4 /* NSDictionary+SCParam.m in Sources */ = {isa = PBXBuildFile; fileRef = 4401C9711BDDD7E8009032D4 /* NSDictionary+SCParam.m */; settings = {ASSET_TAGS = (); }; };
		4401C9AB1BDDD7E8009032D4 /* NSMutableDictionary+SCParam.h in Headers */ = {isa = PBXBuildFile; fileRef = 4401C9721BDDD7E8009032D4 /* NSMutableDictionary+SCParam.h */; settings = {ASSET_TAGS = (); }; };
		4401C9AC1BDDD7E8009032D4 /* NSMutableDictionary+SCParam.m in Sources */ = {isa = PBXBuildFile; fileRef = 4401C9731BDDD7E8009032D4 /* NSMutableDictionary+SCParam.m */; settings = {ASSET_TAGS = (); }; };
		4401C9AD1BDDD7E8009032D4 /* NSNumber+SCExtend.h in Headers */ = {isa = PBXBuildFile; fileRef = 4401C9741BDDD7E8009032D4 /* NSNumber+SCExtend.h */; settings = {ASSET_TAGS = (); }; };
		4401C9AE1BDDD7E8009032D4 /* NSNumber+SCExtend.m in Sources */ = {isa = PBXBuildFile; fileRef = 4401C9751BDDD7E8009032D4 /* NSNumber+SCExtend.m */; settings = {ASSET_TAGS = (); }; };
		4401C9AF1BDDD7E8009032D4 /* NSObject+SCBlock.h in Headers */ = {isa = PBXBuildFile; fileRef = 4401C9761BDDD7E8009032D4 /* NSObject+SCBlock.h */; settings = {ASSET_TAGS = (); }; };
		4401C9B01BDDD7E8009032D4 /* NSObject+SCBlock.m in Sources */ = {isa = PBXBuildFile; fileRef = 4401C9771BDDD7E8009032D4 /* NSObject+SCBlock.m */; settings = {ASSET_TAGS = (); }; };
		4401C9B11BDDD7E8009032D4 /* NSString+SCExtend.h in Headers */ = {isa = PBXBuildFile; fileRef = 4401C9781BDDD7E8009032D4 /* NSString+SCExtend.h */; settings = {ASSET_TAGS = (); }; };
		4401C9B21BDDD7E8009032D4 /* NSString+SCExtend.m in Sources */ = {isa = PBXBuildFile; fileRef = 4401C9791BDDD7E8009032D4 /* NSString+SCExtend.m */; settings = {ASSET_TAGS = (); }; };
		4401C9B31BDDD7E8009032D4 /* UIButton+SCExtend.h in Headers */ = {isa = PBXBuildFile; fileRef = 4401C97A1BDDD7E8009032D4 /* UIButton+SCExtend.h */; settings = {ASSET_TAGS = (); }; };
		4401C9B41BDDD7E8009032D4 /* UIButton+SCExtend.m in Sources */ = {isa = PBXBuildFile; fileRef = 4401C97B1BDDD7E8009032D4 /* UIButton+SCExtend.m */; settings = {ASSET_TAGS = (); }; };
		4401C9B51BDDD7E8009032D4 /* UIColor+SCExtend.h in Headers */ = {isa = PBXBuildFile; fileRef = 4401C97C1BDDD7E8009032D4 /* UIColor+SCExtend.h */; settings = {ASSET_TAGS = (); }; };
		4401C9B61BDDD7E8009032D4 /* UIColor+SCExtend.m in Sources */ = {isa = PBXBuildFile; fileRef = 4401C97D1BDDD7E8009032D4 /* UIColor+SCExtend.m */; settings = {ASSET_TAGS = (); }; };
		4401C9B71BDDD7E8009032D4 /* UIDevice+SCExtend.h in Headers */ = {isa = PBXBuildFile; fileRef = 4401C97E1BDDD7E8009032D4 /* UIDevice+SCExtend.h */; settings = {ASSET_TAGS = (); }; };
		4401C9B81BDDD7E8009032D4 /* UIDevice+SCExtend.m in Sources */ = {isa = PBXBuildFile; fileRef = 4401C97F1BDDD7E8009032D4 /* UIDevice+SCExtend.m */; settings = {ASSET_TAGS = (); }; };
		4401C9B91BDDD7E8009032D4 /* UIImage+SCExtend.h in Headers */ = {isa = PBXBuildFile; fileRef = 4401C9801BDDD7E8009032D4 /* UIImage+SCExtend.h */; settings = {ASSET_TAGS = (); }; };
		4401C9BA1BDDD7E8009032D4 /* UIImage+SCExtend.m in Sources */ = {isa = PBXBuildFile; fileRef = 4401C9811BDDD7E8009032D4 /* UIImage+SCExtend.m */; settings = {ASSET_TAGS = (); }; };
		4401C9BB1BDDD7E8009032D4 /* UIScreen+Scale.h in Headers */ = {isa = PBXBuildFile; fileRef = 4401C9821BDDD7E8009032D4 /* UIScreen+Scale.h */; settings = {ASSET_TAGS = (); }; };
		4401C9BC1BDDD7E8009032D4 /* UIScreen+Scale.m in Sources */ = {isa = PBXBuildFile; fileRef = 4401C9831BDDD7E8009032D4 /* UIScreen+Scale.m */; settings = {ASSET_TAGS = (); }; };
		4401C9BD1BDDD7E8009032D4 /* UIView+SCExtend.h in Headers */ = {isa = PBXBuildFile; fileRef = 4401C9841BDDD7E8009032D4 /* UIView+SCExtend.h */; settings = {ASSET_TAGS = (); }; };
		4401C9BE1BDDD7E8009032D4 /* UIView+SCExtend.m in Sources */ = {isa = PBXBuildFile; fileRef = 4401C9851BDDD7E8009032D4 /* UIView+SCExtend.m */; settings = {ASSET_TAGS = (); }; };
		4401C9BF1BDDD7E8009032D4 /* SCCategory.h in Headers */ = {isa = PBXBuildFile; fileRef = 4401C9871BDDD7E8009032D4 /* SCCategory.h */; settings = {ASSET_TAGS = (); }; };
		4401C9C01BDDD7E8009032D4 /* SCMacroDefines.h in Headers */ = {isa = PBXBuildFile; fileRef = 4401C9881BDDD7E8009032D4 /* SCMacroDefines.h */; settings = {ASSET_TAGS = (); }; };
		4401C9C11BDDD7E8009032D4 /* SCUtility.h in Headers */ = {isa = PBXBuildFile; fileRef = 4401C9891BDDD7E8009032D4 /* SCUtility.h */; settings = {ASSET_TAGS = (); }; };
		4401C9C21BDDD7E8009032D4 /* UncaughtExceptionHandler.h in Headers */ = {isa = PBXBuildFile; fileRef = 4401C98C1BDDD7E8009032D4 /* UncaughtExceptionHandler.h */; settings = {ASSET_TAGS = (); }; };
		4401C9C31BDDD7E8009032D4 /* UncaughtExceptionHandler.m in Sources */ = {isa = PBXBuildFile; fileRef = 4401C98D1BDDD7E8009032D4 /* UncaughtExceptionHandler.m */; settings = {ASSET_TAGS = (); }; };
		4401C9C41BDDD7E8009032D4 /* JSONKit.h in Headers */ = {isa = PBXBuildFile; fileRef = 4401C98F1BDDD7E8009032D4 /* JSONKit.h */; settings = {ASSET_TAGS = (); }; };
		4401C9C51BDDD7E8009032D4 /* JSONKit.m in Sources */ = {isa = PBXBuildFile; fileRef = 4401C9901BDDD7E8009032D4 /* JSONKit.m */; settings = {ASSET_TAGS = (); }; };
		4401C9C61BDDD7E8009032D4 /* IPAddress.c in Sources */ = {isa = PBXBuildFile; fileRef = 4401C9921BDDD7E8009032D4 /* IPAddress.c */; settings = {ASSET_TAGS = (); }; };
		4401C9C71BDDD7E8009032D4 /* IPAddress.h in Headers */ = {isa = PBXBuildFile; fileRef = 4401C9931BDDD7E8009032D4 /* IPAddress.h */; settings = {ASSET_TAGS = (); }; };
		4401C9C81BDDD7E8009032D4 /* NetWorkUtils.h in Headers */ = {isa = PBXBuildFile; fileRef = 4401C9941BDDD7E8009032D4 /* NetWorkUtils.h */; settings = {ASSET_TAGS = (); }; };
		4401C9C91BDDD7E8009032D4 /* NetWorkUtils.m in Sources */ = {isa = PBXBuildFile; fileRef = 4401C9951BDDD7E8009032D4 /* NetWorkUtils.m */; settings = {ASSET_TAGS = (); }; };
		4401C9CA1BDDD7E8009032D4 /* Reachability.h in Headers */ = {isa = PBXBuildFile; fileRef = 4401C9961BDDD7E8009032D4 /* Reachability.h */; settings = {ASSET_TAGS = (); }; };
		4401C9CB1BDDD7E8009032D4 /* Reachability.m in Sources */ = {isa = PBXBuildFile; fileRef = 4401C9971BDDD7E8009032D4 /* Reachability.m */; settings = {ASSET_TAGS = (); }; };
		4401C9CC1BDDD7E8009032D4 /* SCLog.h in Headers */ = {isa = PBXBuildFile; fileRef = 4401C9991BDDD7E8009032D4 /* SCLog.h */; settings = {ASSET_TAGS = (); }; };
		4401C9CD1BDDD7E8009032D4 /* SCLog.m in Sources */ = {isa = PBXBuildFile; fileRef = 4401C99A1BDDD7E8009032D4 /* SCLog.m */; settings = {ASSET_TAGS = (); }; };
		4401C9CE1BDDD7E8009032D4 /* DDASLLogger.h in Headers */ = {isa = PBXBuildFile; fileRef = 4401C99D1BDDD7E8009032D4 /* DDASLLogger.h */; settings = {ASSET_TAGS = (); }; };
		4401C9CF1BDDD7E8009032D4 /* DDASLLogger.m in Sources */ = {isa = PBXBuildFile; fileRef = 4401C99E1BDDD7E8009032D4 /* DDASLLogger.m */; settings = {ASSET_TAGS = (); }; };
		4401C9D01BDDD7E8009032D4 /* DDFileLogger.h in Headers */ = {isa = PBXBuildFile; fileRef = 4401C99F1BDDD7E8009032D4 /* DDFileLogger.h */; settings = {ASSET_TAGS = (); }; };
		4401C9D11BDDD7E8009032D4 /* DDFileLogger.m in Sources */ = {isa = PBXBuildFile; fileRef = 4401C9A01BDDD7E8009032D4 /* DDFileLogger.m */; settings = {ASSET_TAGS = (); }; };
		4401C9D21BDDD7E8009032D4 /* DDLog.h in Headers */ = {isa = PBXBuildFile; fileRef = 4401C9A11BDDD7E8009032D4 /* DDLog.h */; settings = {ASSET_TAGS = (); }; };
		4401C9D31BDDD7E8009032D4 /* DDLog.m in Sources */ = {isa = PBXBuildFile; fileRef = 4401C9A21BDDD7E8009032D4 /* DDLog.m */; settings = {ASSET_TAGS = (); }; };
		4401C9D41BDDD7E8009032D4 /* DDTTYLogger.h in Headers */ = {isa = PBXBuildFile; fileRef = 4401C9A31BDDD7E8009032D4 /* DDTTYLogger.h */; settings = {ASSET_TAGS = (); }; };
		4401C9D51BDDD7E8009032D4 /* DDTTYLogger.m in Sources */ = {isa = PBXBuildFile; fileRef = 4401C9A41BDDD7E8009032D4 /* DDTTYLogger.m */; settings = {ASSET_TAGS = (); }; };
		440ACC6F1AF8596E00A09136 /* SCUtility.framework in Frameworks */ = {isa = PBXBuildFile; fileRef = 440ACC631AF8596E00A09136 /* SCUtility.framework */; };
		440ACC761AF8596E00A09136 /* SCUtilityTests.m in Sources */ = {isa = PBXBuildFile; fileRef = 440ACC751AF8596E00A09136 /* SCUtilityTests.m */; };
		440ACCB21AF85D2100A09136 /* SCUtility-Prefix.pch in Headers */ = {isa = PBXBuildFile; fileRef = 440ACCB11AF85D2100A09136 /* SCUtility-Prefix.pch */; };
/* End PBXBuildFile section */

/* Begin PBXContainerItemProxy section */
		440ACC701AF8596E00A09136 /* PBXContainerItemProxy */ = {
			isa = PBXContainerItemProxy;
			containerPortal = 440ACC5A1AF8596E00A09136 /* Project object */;
			proxyType = 1;
			remoteGlobalIDString = 440ACC621AF8596E00A09136;
			remoteInfo = SCUtility;
		};
/* End PBXContainerItemProxy section */

/* Begin PBXFileReference section */
		4401C96C1BDDD7E8009032D4 /* NSData+SCExtend.h */ = {isa = PBXFileReference; fileEncoding = 4; lastKnownFileType = sourcecode.c.h; path = "NSData+SCExtend.h"; sourceTree = "<group>"; };
		4401C96D1BDDD7E8009032D4 /* NSData+SCExtend.m */ = {isa = PBXFileReference; fileEncoding = 4; lastKnownFileType = sourcecode.c.objc; path = "NSData+SCExtend.m"; sourceTree = "<group>"; };
		4401C96E1BDDD7E8009032D4 /* NSDate+SCExtend.h */ = {isa = PBXFileReference; fileEncoding = 4; lastKnownFileType = sourcecode.c.h; path = "NSDate+SCExtend.h"; sourceTree = "<group>"; };
		4401C96F1BDDD7E8009032D4 /* NSDate+SCExtend.m */ = {isa = PBXFileReference; fileEncoding = 4; lastKnownFileType = sourcecode.c.objc; path = "NSDate+SCExtend.m"; sourceTree = "<group>"; };
		4401C9701BDDD7E8009032D4 /* NSDictionary+SCParam.h */ = {isa = PBXFileReference; fileEncoding = 4; lastKnownFileType = sourcecode.c.h; path = "NSDictionary+SCParam.h"; sourceTree = "<group>"; };
		4401C9711BDDD7E8009032D4 /* NSDictionary+SCParam.m */ = {isa = PBXFileReference; fileEncoding = 4; lastKnownFileType = sourcecode.c.objc; path = "NSDictionary+SCParam.m"; sourceTree = "<group>"; };
		4401C9721BDDD7E8009032D4 /* NSMutableDictionary+SCParam.h */ = {isa = PBXFileReference; fileEncoding = 4; lastKnownFileType = sourcecode.c.h; path = "NSMutableDictionary+SCParam.h"; sourceTree = "<group>"; };
		4401C9731BDDD7E8009032D4 /* NSMutableDictionary+SCParam.m */ = {isa = PBXFileReference; fileEncoding = 4; lastKnownFileType = sourcecode.c.objc; path = "NSMutableDictionary+SCParam.m"; sourceTree = "<group>"; };
		4401C9741BDDD7E8009032D4 /* NSNumber+SCExtend.h */ = {isa = PBXFileReference; fileEncoding = 4; lastKnownFileType = sourcecode.c.h; path = "NSNumber+SCExtend.h"; sourceTree = "<group>"; };
		4401C9751BDDD7E8009032D4 /* NSNumber+SCExtend.m */ = {isa = PBXFileReference; fileEncoding = 4; lastKnownFileType = sourcecode.c.objc; path = "NSNumber+SCExtend.m"; sourceTree = "<group>"; };
		4401C9761BDDD7E8009032D4 /* NSObject+SCBlock.h */ = {isa = PBXFileReference; fileEncoding = 4; lastKnownFileType = sourcecode.c.h; path = "NSObject+SCBlock.h"; sourceTree = "<group>"; };
		4401C9771BDDD7E8009032D4 /* NSObject+SCBlock.m */ = {isa = PBXFileReference; fileEncoding = 4; lastKnownFileType = sourcecode.c.objc; path = "NSObject+SCBlock.m"; sourceTree = "<group>"; };
		4401C9781BDDD7E8009032D4 /* NSString+SCExtend.h */ = {isa = PBXFileReference; fileEncoding = 4; lastKnownFileType = sourcecode.c.h; path = "NSString+SCExtend.h"; sourceTree = "<group>"; };
		4401C9791BDDD7E8009032D4 /* NSString+SCExtend.m */ = {isa = PBXFileReference; fileEncoding = 4; lastKnownFileType = sourcecode.c.objc; path = "NSString+SCExtend.m"; sourceTree = "<group>"; };
		4401C97A1BDDD7E8009032D4 /* UIButton+SCExtend.h */ = {isa = PBXFileReference; fileEncoding = 4; lastKnownFileType = sourcecode.c.h; path = "UIButton+SCExtend.h"; sourceTree = "<group>"; };
		4401C97B1BDDD7E8009032D4 /* UIButton+SCExtend.m */ = {isa = PBXFileReference; fileEncoding = 4; lastKnownFileType = sourcecode.c.objc; path = "UIButton+SCExtend.m"; sourceTree = "<group>"; };
		4401C97C1BDDD7E8009032D4 /* UIColor+SCExtend.h */ = {isa = PBXFileReference; fileEncoding = 4; lastKnownFileType = sourcecode.c.h; path = "UIColor+SCExtend.h"; sourceTree = "<group>"; };
		4401C97D1BDDD7E8009032D4 /* UIColor+SCExtend.m */ = {isa = PBXFileReference; fileEncoding = 4; lastKnownFileType = sourcecode.c.objc; path = "UIColor+SCExtend.m"; sourceTree = "<group>"; };
		4401C97E1BDDD7E8009032D4 /* UIDevice+SCExtend.h */ = {isa = PBXFileReference; fileEncoding = 4; lastKnownFileType = sourcecode.c.h; path = "UIDevice+SCExtend.h"; sourceTree = "<group>"; };
		4401C97F1BDDD7E8009032D4 /* UIDevice+SCExtend.m */ = {isa = PBXFileReference; fileEncoding = 4; lastKnownFileType = sourcecode.c.objc; path = "UIDevice+SCExtend.m"; sourceTree = "<group>"; };
		4401C9801BDDD7E8009032D4 /* UIImage+SCExtend.h */ = {isa = PBXFileReference; fileEncoding = 4; lastKnownFileType = sourcecode.c.h; path = "UIImage+SCExtend.h"; sourceTree = "<group>"; };
		4401C9811BDDD7E8009032D4 /* UIImage+SCExtend.m */ = {isa = PBXFileReference; fileEncoding = 4; lastKnownFileType = sourcecode.c.objc; path = "UIImage+SCExtend.m"; sourceTree = "<group>"; };
		4401C9821BDDD7E8009032D4 /* UIScreen+Scale.h */ = {isa = PBXFileReference; fileEncoding = 4; lastKnownFileType = sourcecode.c.h; path = "UIScreen+Scale.h"; sourceTree = "<group>"; };
		4401C9831BDDD7E8009032D4 /* UIScreen+Scale.m */ = {isa = PBXFileReference; fileEncoding = 4; lastKnownFileType = sourcecode.c.objc; path = "UIScreen+Scale.m"; sourceTree = "<group>"; };
		4401C9841BDDD7E8009032D4 /* UIView+SCExtend.h */ = {isa = PBXFileReference; fileEncoding = 4; lastKnownFileType = sourcecode.c.h; path = "UIView+SCExtend.h"; sourceTree = "<group>"; };
		4401C9851BDDD7E8009032D4 /* UIView+SCExtend.m */ = {isa = PBXFileReference; fileEncoding = 4; lastKnownFileType = sourcecode.c.objc; path = "UIView+SCExtend.m"; sourceTree = "<group>"; };
		4401C9871BDDD7E8009032D4 /* SCCategory.h */ = {isa = PBXFileReference; fileEncoding = 4; lastKnownFileType = sourcecode.c.h; path = SCCategory.h; sourceTree = "<group>"; };
		4401C9881BDDD7E8009032D4 /* SCMacroDefines.h */ = {isa = PBXFileReference; fileEncoding = 4; lastKnownFileType = sourcecode.c.h; path = SCMacroDefines.h; sourceTree = "<group>"; };
		4401C9891BDDD7E8009032D4 /* SCUtility.h */ = {isa = PBXFileReference; fileEncoding = 4; lastKnownFileType = sourcecode.c.h; name = SCUtility.h; path = Pod/SCUtility.h; sourceTree = SOURCE_ROOT; };
		4401C98C1BDDD7E8009032D4 /* UncaughtExceptionHandler.h */ = {isa = PBXFileReference; fileEncoding = 4; lastKnownFileType = sourcecode.c.h; path = UncaughtExceptionHandler.h; sourceTree = "<group>"; };
		4401C98D1BDDD7E8009032D4 /* UncaughtExceptionHandler.m */ = {isa = PBXFileReference; fileEncoding = 4; lastKnownFileType = sourcecode.c.objc; path = UncaughtExceptionHandler.m; sourceTree = "<group>"; };
		4401C98F1BDDD7E8009032D4 /* JSONKit.h */ = {isa = PBXFileReference; fileEncoding = 4; lastKnownFileType = sourcecode.c.h; path = JSONKit.h; sourceTree = "<group>"; };
		4401C9901BDDD7E8009032D4 /* JSONKit.m */ = {isa = PBXFileReference; fileEncoding = 4; lastKnownFileType = sourcecode.c.objc; path = JSONKit.m; sourceTree = "<group>"; };
		4401C9921BDDD7E8009032D4 /* IPAddress.c */ = {isa = PBXFileReference; fileEncoding = 4; lastKnownFileType = sourcecode.c.c; path = IPAddress.c; sourceTree = "<group>"; };
		4401C9931BDDD7E8009032D4 /* IPAddress.h */ = {isa = PBXFileReference; fileEncoding = 4; lastKnownFileType = sourcecode.c.h; path = IPAddress.h; sourceTree = "<group>"; };
		4401C9941BDDD7E8009032D4 /* NetWorkUtils.h */ = {isa = PBXFileReference; fileEncoding = 4; lastKnownFileType = sourcecode.c.h; path = NetWorkUtils.h; sourceTree = "<group>"; };
		4401C9951BDDD7E8009032D4 /* NetWorkUtils.m */ = {isa = PBXFileReference; fileEncoding = 4; lastKnownFileType = sourcecode.c.objc; path = NetWorkUtils.m; sourceTree = "<group>"; };
		4401C9961BDDD7E8009032D4 /* Reachability.h */ = {isa = PBXFileReference; fileEncoding = 4; lastKnownFileType = sourcecode.c.h; path = Reachability.h; sourceTree = "<group>"; };
		4401C9971BDDD7E8009032D4 /* Reachability.m */ = {isa = PBXFileReference; fileEncoding = 4; lastKnownFileType = sourcecode.c.objc; path = Reachability.m; sourceTree = "<group>"; };
		4401C9991BDDD7E8009032D4 /* SCLog.h */ = {isa = PBXFileReference; fileEncoding = 4; lastKnownFileType = sourcecode.c.h; path = SCLog.h; sourceTree = "<group>"; };
		4401C99A1BDDD7E8009032D4 /* SCLog.m */ = {isa = PBXFileReference; fileEncoding = 4; lastKnownFileType = sourcecode.c.objc; path = SCLog.m; sourceTree = "<group>"; };
		4401C99D1BDDD7E8009032D4 /* DDASLLogger.h */ = {isa = PBXFileReference; fileEncoding = 4; lastKnownFileType = sourcecode.c.h; path = DDASLLogger.h; sourceTree = "<group>"; };
		4401C99E1BDDD7E8009032D4 /* DDASLLogger.m */ = {isa = PBXFileReference; fileEncoding = 4; lastKnownFileType = sourcecode.c.objc; path = DDASLLogger.m; sourceTree = "<group>"; };
		4401C99F1BDDD7E8009032D4 /* DDFileLogger.h */ = {isa = PBXFileReference; fileEncoding = 4; lastKnownFileType = sourcecode.c.h; path = DDFileLogger.h; sourceTree = "<group>"; };
		4401C9A01BDDD7E8009032D4 /* DDFileLogger.m */ = {isa = PBXFileReference; fileEncoding = 4; lastKnownFileType = sourcecode.c.objc; path = DDFileLogger.m; sourceTree = "<group>"; };
		4401C9A11BDDD7E8009032D4 /* DDLog.h */ = {isa = PBXFileReference; fileEncoding = 4; lastKnownFileType = sourcecode.c.h; path = DDLog.h; sourceTree = "<group>"; };
		4401C9A21BDDD7E8009032D4 /* DDLog.m */ = {isa = PBXFileReference; fileEncoding = 4; lastKnownFileType = sourcecode.c.objc; path = DDLog.m; sourceTree = "<group>"; };
		4401C9A31BDDD7E8009032D4 /* DDTTYLogger.h */ = {isa = PBXFileReference; fileEncoding = 4; lastKnownFileType = sourcecode.c.h; path = DDTTYLogger.h; sourceTree = "<group>"; };
		4401C9A41BDDD7E8009032D4 /* DDTTYLogger.m */ = {isa = PBXFileReference; fileEncoding = 4; lastKnownFileType = sourcecode.c.objc; path = DDTTYLogger.m; sourceTree = "<group>"; };
		440ACC631AF8596E00A09136 /* SCUtility.framework */ = {isa = PBXFileReference; explicitFileType = wrapper.framework; includeInIndex = 0; path = SCUtility.framework; sourceTree = BUILT_PRODUCTS_DIR; };
		440ACC671AF8596E00A09136 /* Info.plist */ = {isa = PBXFileReference; lastKnownFileType = text.plist.xml; path = Info.plist; sourceTree = "<group>"; };
		440ACC6E1AF8596E00A09136 /* SCUtilityTests.xctest */ = {isa = PBXFileReference; explicitFileType = wrapper.cfbundle; includeInIndex = 0; path = SCUtilityTests.xctest; sourceTree = BUILT_PRODUCTS_DIR; };
		440ACC741AF8596E00A09136 /* Info.plist */ = {isa = PBXFileReference; lastKnownFileType = text.plist.xml; path = Info.plist; sourceTree = "<group>"; };
		440ACC751AF8596E00A09136 /* SCUtilityTests.m */ = {isa = PBXFileReference; lastKnownFileType = sourcecode.c.objc; path = SCUtilityTests.m; sourceTree = "<group>"; };
		440ACCB11AF85D2100A09136 /* SCUtility-Prefix.pch */ = {isa = PBXFileReference; fileEncoding = 4; lastKnownFileType = sourcecode.c.h; path = "SCUtility-Prefix.pch"; sourceTree = "<group>"; };
/* End PBXFileReference section */

/* Begin PBXFrameworksBuildPhase section */
		440ACC5F1AF8596E00A09136 /* Frameworks */ = {
			isa = PBXFrameworksBuildPhase;
			buildActionMask = 2147483647;
			files = (
			);
			runOnlyForDeploymentPostprocessing = 0;
		};
		440ACC6B1AF8596E00A09136 /* Frameworks */ = {
			isa = PBXFrameworksBuildPhase;
			buildActionMask = 2147483647;
			files = (
				440ACC6F1AF8596E00A09136 /* SCUtility.framework in Frameworks */,
			);
			runOnlyForDeploymentPostprocessing = 0;
		};
/* End PBXFrameworksBuildPhase section */

/* Begin PBXGroup section */
		4401C96B1BDDD7E8009032D4 /* Categories */ = {
			isa = PBXGroup;
			children = (
				4401C96C1BDDD7E8009032D4 /* NSData+SCExtend.h */,
				4401C96D1BDDD7E8009032D4 /* NSData+SCExtend.m */,
				4401C96E1BDDD7E8009032D4 /* NSDate+SCExtend.h */,
				4401C96F1BDDD7E8009032D4 /* NSDate+SCExtend.m */,
				4401C9701BDDD7E8009032D4 /* NSDictionary+SCParam.h */,
				4401C9711BDDD7E8009032D4 /* NSDictionary+SCParam.m */,
				4401C9721BDDD7E8009032D4 /* NSMutableDictionary+SCParam.h */,
				4401C9731BDDD7E8009032D4 /* NSMutableDictionary+SCParam.m */,
				4401C9741BDDD7E8009032D4 /* NSNumber+SCExtend.h */,
				4401C9751BDDD7E8009032D4 /* NSNumber+SCExtend.m */,
				4401C9761BDDD7E8009032D4 /* NSObject+SCBlock.h */,
				4401C9771BDDD7E8009032D4 /* NSObject+SCBlock.m */,
				4401C9781BDDD7E8009032D4 /* NSString+SCExtend.h */,
				4401C9791BDDD7E8009032D4 /* NSString+SCExtend.m */,
				4401C97A1BDDD7E8009032D4 /* UIButton+SCExtend.h */,
				4401C97B1BDDD7E8009032D4 /* UIButton+SCExtend.m */,
				4401C97C1BDDD7E8009032D4 /* UIColor+SCExtend.h */,
				4401C97D1BDDD7E8009032D4 /* UIColor+SCExtend.m */,
				4401C97E1BDDD7E8009032D4 /* UIDevice+SCExtend.h */,
				4401C97F1BDDD7E8009032D4 /* UIDevice+SCExtend.m */,
				4401C9801BDDD7E8009032D4 /* UIImage+SCExtend.h */,
				4401C9811BDDD7E8009032D4 /* UIImage+SCExtend.m */,
				4401C9821BDDD7E8009032D4 /* UIScreen+Scale.h */,
				4401C9831BDDD7E8009032D4 /* UIScreen+Scale.m */,
				4401C9841BDDD7E8009032D4 /* UIView+SCExtend.h */,
				4401C9851BDDD7E8009032D4 /* UIView+SCExtend.m */,
			);
			name = Categories;
			path = Pod/Categories;
			sourceTree = SOURCE_ROOT;
		};
		4401C9861BDDD7E8009032D4 /* Header */ = {
			isa = PBXGroup;
			children = (
				4401C9871BDDD7E8009032D4 /* SCCategory.h */,
				4401C9881BDDD7E8009032D4 /* SCMacroDefines.h */,
			);
			name = Header;
			path = Pod/Header;
			sourceTree = SOURCE_ROOT;
		};
		4401C98A1BDDD7E8009032D4 /* Utility */ = {
			isa = PBXGroup;
			children = (
				4401C98B1BDDD7E8009032D4 /* ExceptionHandler */,
				4401C98E1BDDD7E8009032D4 /* JSONKit */,
				4401C9911BDDD7E8009032D4 /* Network */,
				4401C9981BDDD7E8009032D4 /* SCLog */,
			);
			name = Utility;
			path = Pod/Utility;
			sourceTree = SOURCE_ROOT;
		};
		4401C98B1BDDD7E8009032D4 /* ExceptionHandler */ = {
			isa = PBXGroup;
			children = (
				4401C98C1BDDD7E8009032D4 /* UncaughtExceptionHandler.h */,
				4401C98D1BDDD7E8009032D4 /* UncaughtExceptionHandler.m */,
			);
			path = ExceptionHandler;
			sourceTree = "<group>";
		};
		4401C98E1BDDD7E8009032D4 /* JSONKit */ = {
			isa = PBXGroup;
			children = (
				4401C98F1BDDD7E8009032D4 /* JSONKit.h */,
				4401C9901BDDD7E8009032D4 /* JSONKit.m */,
			);
			path = JSONKit;
			sourceTree = "<group>";
		};
		4401C9911BDDD7E8009032D4 /* Network */ = {
			isa = PBXGroup;
			children = (
				4401C9921BDDD7E8009032D4 /* IPAddress.c */,
				4401C9931BDDD7E8009032D4 /* IPAddress.h */,
				4401C9941BDDD7E8009032D4 /* NetWorkUtils.h */,
				4401C9951BDDD7E8009032D4 /* NetWorkUtils.m */,
				4401C9961BDDD7E8009032D4 /* Reachability.h */,
				4401C9971BDDD7E8009032D4 /* Reachability.m */,
			);
			path = Network;
			sourceTree = "<group>";
		};
		4401C9981BDDD7E8009032D4 /* SCLog */ = {
			isa = PBXGroup;
			children = (
				4401C9991BDDD7E8009032D4 /* SCLog.h */,
				4401C99A1BDDD7E8009032D4 /* SCLog.m */,
			);
			path = SCLog;
			sourceTree = "<group>";
		};
		4401C99B1BDDD7E8009032D4 /* Vender */ = {
			isa = PBXGroup;
			children = (
				4401C99C1BDDD7E8009032D4 /* DDLog */,
			);
			name = Vender;
			path = Pod/Vender;
			sourceTree = SOURCE_ROOT;
		};
		4401C99C1BDDD7E8009032D4 /* DDLog */ = {
			isa = PBXGroup;
			children = (
				4401C99D1BDDD7E8009032D4 /* DDASLLogger.h */,
				4401C99E1BDDD7E8009032D4 /* DDASLLogger.m */,
				4401C99F1BDDD7E8009032D4 /* DDFileLogger.h */,
				4401C9A01BDDD7E8009032D4 /* DDFileLogger.m */,
				4401C9A11BDDD7E8009032D4 /* DDLog.h */,
				4401C9A21BDDD7E8009032D4 /* DDLog.m */,
				4401C9A31BDDD7E8009032D4 /* DDTTYLogger.h */,
				4401C9A41BDDD7E8009032D4 /* DDTTYLogger.m */,
			);
			path = DDLog;
			sourceTree = "<group>";
		};
		440ACC591AF8596E00A09136 = {
			isa = PBXGroup;
			children = (
				440ACC7F1AF85A5500A09136 /* Classes */,
				440ACC651AF8596E00A09136 /* SCUtility */,
				440ACC721AF8596E00A09136 /* SCUtilityTests */,
				440ACC641AF8596E00A09136 /* Products */,
			);
			sourceTree = "<group>";
		};
		440ACC641AF8596E00A09136 /* Products */ = {
			isa = PBXGroup;
			children = (
				440ACC631AF8596E00A09136 /* SCUtility.framework */,
				440ACC6E1AF8596E00A09136 /* SCUtilityTests.xctest */,
			);
			name = Products;
			sourceTree = "<group>";
		};
		440ACC651AF8596E00A09136 /* SCUtility */ = {
			isa = PBXGroup;
			children = (
				440ACCB11AF85D2100A09136 /* SCUtility-Prefix.pch */,
				440ACC661AF8596E00A09136 /* Supporting Files */,
			);
			path = SCUtility;
			sourceTree = "<group>";
		};
		440ACC661AF8596E00A09136 /* Supporting Files */ = {
			isa = PBXGroup;
			children = (
				440ACC671AF8596E00A09136 /* Info.plist */,
			);
			name = "Supporting Files";
			sourceTree = "<group>";
		};
		440ACC721AF8596E00A09136 /* SCUtilityTests */ = {
			isa = PBXGroup;
			children = (
				440ACC751AF8596E00A09136 /* SCUtilityTests.m */,
				440ACC731AF8596E00A09136 /* Supporting Files */,
			);
			path = SCUtilityTests;
			sourceTree = "<group>";
		};
		440ACC731AF8596E00A09136 /* Supporting Files */ = {
			isa = PBXGroup;
			children = (
				440ACC741AF8596E00A09136 /* Info.plist */,
			);
			name = "Supporting Files";
			sourceTree = "<group>";
		};
		440ACC7F1AF85A5500A09136 /* Classes */ = {
			isa = PBXGroup;
			children = (
				4401C9891BDDD7E8009032D4 /* SCUtility.h */,
				4401C9861BDDD7E8009032D4 /* Header */,
				4401C96B1BDDD7E8009032D4 /* Categories */,
				4401C98A1BDDD7E8009032D4 /* Utility */,
				4401C99B1BDDD7E8009032D4 /* Vender */,
			);
			name = Classes;
			path = Pod/Classes;
			sourceTree = "<group>";
		};
/* End PBXGroup section */

/* Begin PBXHeadersBuildPhase section */
		440ACC601AF8596E00A09136 /* Headers */ = {
			isa = PBXHeadersBuildPhase;
			buildActionMask = 2147483647;
			files = (
				4401C9BB1BDDD7E8009032D4 /* UIScreen+Scale.h in Headers */,
				4401C9AF1BDDD7E8009032D4 /* NSObject+SCBlock.h in Headers */,
				4401C9AB1BDDD7E8009032D4 /* NSMutableDictionary+SCParam.h in Headers */,
				4401C9B11BDDD7E8009032D4 /* NSString+SCExtend.h in Headers */,
				4401C9C21BDDD7E8009032D4 /* UncaughtExceptionHandler.h in Headers */,
				4401C9B31BDDD7E8009032D4 /* UIButton+SCExtend.h in Headers */,
				4401C9D41BDDD7E8009032D4 /* DDTTYLogger.h in Headers */,
				440ACCB21AF85D2100A09136 /* SCUtility-Prefix.pch in Headers */,
				4401C9C11BDDD7E8009032D4 /* SCUtility.h in Headers */,
				4401C9A91BDDD7E8009032D4 /* NSDictionary+SCParam.h in Headers */,
				4401C9C81BDDD7E8009032D4 /* NetWorkUtils.h in Headers */,
				4401C9B91BDDD7E8009032D4 /* UIImage+SCExtend.h in Headers */,
				4401C9CE1BDDD7E8009032D4 /* DDASLLogger.h in Headers */,
				4401C9B71BDDD7E8009032D4 /* UIDevice+SCExtend.h in Headers */,
				4401C9BD1BDDD7E8009032D4 /* UIView+SCExtend.h in Headers */,
				4401C9CC1BDDD7E8009032D4 /* SCLog.h in Headers */,
				4401C9BF1BDDD7E8009032D4 /* SCCategory.h in Headers */,
				4401C9B51BDDD7E8009032D4 /* UIColor+SCExtend.h in Headers */,
				4401C9C01BDDD7E8009032D4 /* SCMacroDefines.h in Headers */,
				4401C9A51BDDD7E8009032D4 /* NSData+SCExtend.h in Headers */,
				4401C9D01BDDD7E8009032D4 /* DDFileLogger.h in Headers */,
				4401C9CA1BDDD7E8009032D4 /* Reachability.h in Headers */,
				4401C9C71BDDD7E8009032D4 /* IPAddress.h in Headers */,
				4401C9C41BDDD7E8009032D4 /* JSONKit.h in Headers */,
				4401C9AD1BDDD7E8009032D4 /* NSNumber+SCExtend.h in Headers */,
				4401C9A71BDDD7E8009032D4 /* NSDate+SCExtend.h in Headers */,
				4401C9D21BDDD7E8009032D4 /* DDLog.h in Headers */,
			);
			runOnlyForDeploymentPostprocessing = 0;
		};
/* End PBXHeadersBuildPhase section */

/* Begin PBXNativeTarget section */
		440ACC621AF8596E00A09136 /* SCUtility */ = {
			isa = PBXNativeTarget;
			buildConfigurationList = 440ACC791AF8596E00A09136 /* Build configuration list for PBXNativeTarget "SCUtility" */;
			buildPhases = (
				440ACC5E1AF8596E00A09136 /* Sources */,
				440ACC5F1AF8596E00A09136 /* Frameworks */,
				440ACC601AF8596E00A09136 /* Headers */,
				440ACC611AF8596E00A09136 /* Resources */,
			);
			buildRules = (
			);
			dependencies = (
			);
			name = SCUtility;
			productName = SCUtility;
			productReference = 440ACC631AF8596E00A09136 /* SCUtility.framework */;
			productType = "com.apple.product-type.framework";
		};
		440ACC6D1AF8596E00A09136 /* SCUtilityTests */ = {
			isa = PBXNativeTarget;
			buildConfigurationList = 440ACC7C1AF8596E00A09136 /* Build configuration list for PBXNativeTarget "SCUtilityTests" */;
			buildPhases = (
				440ACC6A1AF8596E00A09136 /* Sources */,
				440ACC6B1AF8596E00A09136 /* Frameworks */,
				440ACC6C1AF8596E00A09136 /* Resources */,
			);
			buildRules = (
			);
			dependencies = (
				440ACC711AF8596E00A09136 /* PBXTargetDependency */,
			);
			name = SCUtilityTests;
			productName = SCUtilityTests;
			productReference = 440ACC6E1AF8596E00A09136 /* SCUtilityTests.xctest */;
			productType = "com.apple.product-type.bundle.unit-test";
		};
/* End PBXNativeTarget section */

/* Begin PBXProject section */
		440ACC5A1AF8596E00A09136 /* Project object */ = {
			isa = PBXProject;
			attributes = {
				LastUpgradeCheck = 0700;
				ORGANIZATIONNAME = iChint;
				TargetAttributes = {
					440ACC621AF8596E00A09136 = {
						CreatedOnToolsVersion = 6.3.1;
					};
					440ACC6D1AF8596E00A09136 = {
						CreatedOnToolsVersion = 6.3.1;
					};
				};
			};
			buildConfigurationList = 440ACC5D1AF8596E00A09136 /* Build configuration list for PBXProject "SCUtility" */;
			compatibilityVersion = "Xcode 3.2";
			developmentRegion = English;
			hasScannedForEncodings = 0;
			knownRegions = (
				en,
			);
			mainGroup = 440ACC591AF8596E00A09136;
			productRefGroup = 440ACC641AF8596E00A09136 /* Products */;
			projectDirPath = "";
			projectRoot = "";
			targets = (
				440ACC621AF8596E00A09136 /* SCUtility */,
				440ACC6D1AF8596E00A09136 /* SCUtilityTests */,
			);
		};
/* End PBXProject section */

/* Begin PBXResourcesBuildPhase section */
		440ACC611AF8596E00A09136 /* Resources */ = {
			isa = PBXResourcesBuildPhase;
			buildActionMask = 2147483647;
			files = (
			);
			runOnlyForDeploymentPostprocessing = 0;
		};
		440ACC6C1AF8596E00A09136 /* Resources */ = {
			isa = PBXResourcesBuildPhase;
			buildActionMask = 2147483647;
			files = (
			);
			runOnlyForDeploymentPostprocessing = 0;
		};
/* End PBXResourcesBuildPhase section */

/* Begin PBXSourcesBuildPhase section */
		440ACC5E1AF8596E00A09136 /* Sources */ = {
			isa = PBXSourcesBuildPhase;
			buildActionMask = 2147483647;
			files = (
				4401C9A81BDDD7E8009032D4 /* NSDate+SCExtend.m in Sources */,
				4401C9B81BDDD7E8009032D4 /* UIDevice+SCExtend.m in Sources */,
				4401C9B41BDDD7E8009032D4 /* UIButton+SCExtend.m in Sources */,
				4401C9BE1BDDD7E8009032D4 /* UIView+SCExtend.m in Sources */,
				4401C9CF1BDDD7E8009032D4 /* DDASLLogger.m in Sources */,
				4401C9B01BDDD7E8009032D4 /* NSObject+SCBlock.m in Sources */,
				4401C9C31BDDD7E8009032D4 /* UncaughtExceptionHandler.m in Sources */,
				4401C9BA1BDDD7E8009032D4 /* UIImage+SCExtend.m in Sources */,
				4401C9D51BDDD7E8009032D4 /* DDTTYLogger.m in Sources */,
				4401C9B21BDDD7E8009032D4 /* NSString+SCExtend.m in Sources */,
				4401C9B61BDDD7E8009032D4 /* UIColor+SCExtend.m in Sources */,
				4401C9D11BDDD7E8009032D4 /* DDFileLogger.m in Sources */,
				4401C9AE1BDDD7E8009032D4 /* NSNumber+SCExtend.m in Sources */,
				4401C9BC1BDDD7E8009032D4 /* UIScreen+Scale.m in Sources */,
				4401C9C61BDDD7E8009032D4 /* IPAddress.c in Sources */,
				4401C9AA1BDDD7E8009032D4 /* NSDictionary+SCParam.m in Sources */,
				4401C9A61BDDD7E8009032D4 /* NSData+SCExtend.m in Sources */,
				4401C9D31BDDD7E8009032D4 /* DDLog.m in Sources */,
				4401C9AC1BDDD7E8009032D4 /* NSMutableDictionary+SCParam.m in Sources */,
				4401C9C51BDDD7E8009032D4 /* JSONKit.m in Sources */,
				4401C9CD1BDDD7E8009032D4 /* SCLog.m in Sources */,
				4401C9CB1BDDD7E8009032D4 /* Reachability.m in Sources */,
				4401C9C91BDDD7E8009032D4 /* NetWorkUtils.m in Sources */,
			);
			runOnlyForDeploymentPostprocessing = 0;
		};
		440ACC6A1AF8596E00A09136 /* Sources */ = {
			isa = PBXSourcesBuildPhase;
			buildActionMask = 2147483647;
			files = (
				440ACC761AF8596E00A09136 /* SCUtilityTests.m in Sources */,
			);
			runOnlyForDeploymentPostprocessing = 0;
		};
/* End PBXSourcesBuildPhase section */

/* Begin PBXTargetDependency section */
		440ACC711AF8596E00A09136 /* PBXTargetDependency */ = {
			isa = PBXTargetDependency;
			target = 440ACC621AF8596E00A09136 /* SCUtility */;
			targetProxy = 440ACC701AF8596E00A09136 /* PBXContainerItemProxy */;
		};
/* End PBXTargetDependency section */

/* Begin XCBuildConfiguration section */
		440ACC771AF8596E00A09136 /* Debug */ = {
			isa = XCBuildConfiguration;
			buildSettings = {
				ALWAYS_SEARCH_USER_PATHS = NO;
				CLANG_CXX_LANGUAGE_STANDARD = "gnu++0x";
				CLANG_CXX_LIBRARY = "libc++";
				CLANG_ENABLE_MODULES = YES;
				CLANG_ENABLE_OBJC_ARC = YES;
				CLANG_WARN_BOOL_CONVERSION = YES;
				CLANG_WARN_CONSTANT_CONVERSION = YES;
				CLANG_WARN_DIRECT_OBJC_ISA_USAGE = YES_ERROR;
				CLANG_WARN_EMPTY_BODY = YES;
				CLANG_WARN_ENUM_CONVERSION = YES;
				CLANG_WARN_INT_CONVERSION = YES;
				CLANG_WARN_OBJC_ROOT_CLASS = YES_ERROR;
				CLANG_WARN_UNREACHABLE_CODE = YES;
				CLANG_WARN__DUPLICATE_METHOD_MATCH = YES;
				"CODE_SIGN_IDENTITY[sdk=iphoneos*]" = "iPhone Developer";
				COPY_PHASE_STRIP = NO;
				CURRENT_PROJECT_VERSION = 1;
				DEBUG_INFORMATION_FORMAT = "dwarf-with-dsym";
				ENABLE_STRICT_OBJC_MSGSEND = YES;
				ENABLE_TESTABILITY = YES;
				GCC_C_LANGUAGE_STANDARD = gnu99;
				GCC_DYNAMIC_NO_PIC = NO;
				GCC_NO_COMMON_BLOCKS = YES;
				GCC_OPTIMIZATION_LEVEL = 0;
				GCC_PREPROCESSOR_DEFINITIONS = (
					"DEBUG=1",
					"$(inherited)",
				);
				GCC_SYMBOLS_PRIVATE_EXTERN = NO;
				GCC_WARN_64_TO_32_BIT_CONVERSION = YES;
				GCC_WARN_ABOUT_RETURN_TYPE = YES_ERROR;
				GCC_WARN_UNDECLARED_SELECTOR = YES;
				GCC_WARN_UNINITIALIZED_AUTOS = YES_AGGRESSIVE;
				GCC_WARN_UNUSED_FUNCTION = YES;
				GCC_WARN_UNUSED_VARIABLE = YES;
				IPHONEOS_DEPLOYMENT_TARGET = 8.3;
				MTL_ENABLE_DEBUG_INFO = YES;
				ONLY_ACTIVE_ARCH = YES;
				SDKROOT = iphoneos;
				TARGETED_DEVICE_FAMILY = "1,2";
				VERSIONING_SYSTEM = "apple-generic";
				VERSION_INFO_PREFIX = "";
			};
			name = Debug;
		};
		440ACC781AF8596E00A09136 /* Release */ = {
			isa = XCBuildConfiguration;
			buildSettings = {
				ALWAYS_SEARCH_USER_PATHS = NO;
				CLANG_CXX_LANGUAGE_STANDARD = "gnu++0x";
				CLANG_CXX_LIBRARY = "libc++";
				CLANG_ENABLE_MODULES = YES;
				CLANG_ENABLE_OBJC_ARC = YES;
				CLANG_WARN_BOOL_CONVERSION = YES;
				CLANG_WARN_CONSTANT_CONVERSION = YES;
				CLANG_WARN_DIRECT_OBJC_ISA_USAGE = YES_ERROR;
				CLANG_WARN_EMPTY_BODY = YES;
				CLANG_WARN_ENUM_CONVERSION = YES;
				CLANG_WARN_INT_CONVERSION = YES;
				CLANG_WARN_OBJC_ROOT_CLASS = YES_ERROR;
				CLANG_WARN_UNREACHABLE_CODE = YES;
				CLANG_WARN__DUPLICATE_METHOD_MATCH = YES;
				"CODE_SIGN_IDENTITY[sdk=iphoneos*]" = "iPhone Developer";
				COPY_PHASE_STRIP = NO;
				CURRENT_PROJECT_VERSION = 1;
				DEBUG_INFORMATION_FORMAT = "dwarf-with-dsym";
				ENABLE_NS_ASSERTIONS = NO;
				ENABLE_STRICT_OBJC_MSGSEND = YES;
				GCC_C_LANGUAGE_STANDARD = gnu99;
				GCC_NO_COMMON_BLOCKS = YES;
				GCC_WARN_64_TO_32_BIT_CONVERSION = YES;
				GCC_WARN_ABOUT_RETURN_TYPE = YES_ERROR;
				GCC_WARN_UNDECLARED_SELECTOR = YES;
				GCC_WARN_UNINITIALIZED_AUTOS = YES_AGGRESSIVE;
				GCC_WARN_UNUSED_FUNCTION = YES;
				GCC_WARN_UNUSED_VARIABLE = YES;
				IPHONEOS_DEPLOYMENT_TARGET = 8.3;
				MTL_ENABLE_DEBUG_INFO = NO;
				SDKROOT = iphoneos;
				TARGETED_DEVICE_FAMILY = "1,2";
				VALIDATE_PRODUCT = YES;
				VERSIONING_SYSTEM = "apple-generic";
				VERSION_INFO_PREFIX = "";
			};
			name = Release;
		};
		440ACC7A1AF8596E00A09136 /* Debug */ = {
			isa = XCBuildConfiguration;
			buildSettings = {
				DEFINES_MODULE = YES;
				DYLIB_COMPATIBILITY_VERSION = 1;
				DYLIB_CURRENT_VERSION = 1;
				DYLIB_INSTALL_NAME_BASE = "@rpath";
				GCC_PREFIX_HEADER = "SCUtility/SCUtility-Prefix.pch";
				INFOPLIST_FILE = SCUtility/Info.plist;
				INSTALL_PATH = "$(LOCAL_LIBRARY_DIR)/Frameworks";
				LD_RUNPATH_SEARCH_PATHS = "$(inherited) @executable_path/Frameworks @loader_path/Frameworks";
				OTHER_LDFLAGS = "-ObjC";
				PRODUCT_BUNDLE_IDENTIFIER = "com.ichint.$(PRODUCT_NAME:rfc1034identifier)";
				PRODUCT_NAME = "$(TARGET_NAME)";
				SKIP_INSTALL = YES;
			};
			name = Debug;
		};
		440ACC7B1AF8596E00A09136 /* Release */ = {
			isa = XCBuildConfiguration;
			buildSettings = {
				DEFINES_MODULE = YES;
				DYLIB_COMPATIBILITY_VERSION = 1;
				DYLIB_CURRENT_VERSION = 1;
				DYLIB_INSTALL_NAME_BASE = "@rpath";
				GCC_PREFIX_HEADER = "SCUtility/SCUtility-Prefix.pch";
				INFOPLIST_FILE = SCUtility/Info.plist;
				INSTALL_PATH = "$(LOCAL_LIBRARY_DIR)/Frameworks";
				LD_RUNPATH_SEARCH_PATHS = "$(inherited) @executable_path/Frameworks @loader_path/Frameworks";
				OTHER_LDFLAGS = "-ObjC";
				PRODUCT_BUNDLE_IDENTIFIER = "com.ichint.$(PRODUCT_NAME:rfc1034identifier)";
				PRODUCT_NAME = "$(TARGET_NAME)";
				SKIP_INSTALL = YES;
			};
			name = Release;
		};
		440ACC7D1AF8596E00A09136 /* Debug */ = {
			isa = XCBuildConfiguration;
			buildSettings = {
				FRAMEWORK_SEARCH_PATHS = (
					"$(SDKROOT)/Developer/Library/Frameworks",
					"$(inherited)",
				);
				GCC_PREPROCESSOR_DEFINITIONS = (
					"DEBUG=1",
					"$(inherited)",
				);
				INFOPLIST_FILE = SCUtilityTests/Info.plist;
				LD_RUNPATH_SEARCH_PATHS = "$(inherited) @executable_path/Frameworks @loader_path/Frameworks";
				PRODUCT_BUNDLE_IDENTIFIER = "com.ichint.$(PRODUCT_NAME:rfc1034identifier)";
				PRODUCT_NAME = "$(TARGET_NAME)";
			};
			name = Debug;
		};
		440ACC7E1AF8596E00A09136 /* Release */ = {
			isa = XCBuildConfiguration;
			buildSettings = {
				FRAMEWORK_SEARCH_PATHS = (
					"$(SDKROOT)/Developer/Library/Frameworks",
					"$(inherited)",
				);
				INFOPLIST_FILE = SCUtilityTests/Info.plist;
				LD_RUNPATH_SEARCH_PATHS = "$(inherited) @executable_path/Frameworks @loader_path/Frameworks";
				PRODUCT_BUNDLE_IDENTIFIER = "com.ichint.$(PRODUCT_NAME:rfc1034identifier)";
				PRODUCT_NAME = "$(TARGET_NAME)";
			};
			name = Release;
		};
/* End XCBuildConfiguration section */

/* Begin XCConfigurationList section */
		440ACC5D1AF8596E00A09136 /* Build configuration list for PBXProject "SCUtility" */ = {
			isa = XCConfigurationList;
			buildConfigurations = (
				440ACC771AF8596E00A09136 /* Debug */,
				440ACC781AF8596E00A09136 /* Release */,
			);
			defaultConfigurationIsVisible = 0;
			defaultConfigurationName = Release;
		};
		440ACC791AF8596E00A09136 /* Build configuration list for PBXNativeTarget "SCUtility" */ = {
			isa = XCConfigurationList;
			buildConfigurations = (
				440ACC7A1AF8596E00A09136 /* Debug */,
				440ACC7B1AF8596E00A09136 /* Release */,
			);
			defaultConfigurationIsVisible = 0;
			defaultConfigurationName = Release;
		};
		440ACC7C1AF8596E00A09136 /* Build configuration list for PBXNativeTarget "SCUtilityTests" */ = {
			isa = XCConfigurationList;
			buildConfigurations = (
				440ACC7D1AF8596E00A09136 /* Debug */,
				440ACC7E1AF8596E00A09136 /* Release */,
			);
			defaultConfigurationIsVisible = 0;
			defaultConfigurationName = Release;
		};
/* End XCConfigurationList section */
	};
	rootObject = 440ACC5A1AF8596E00A09136 /* Project object */;
}
