// !$*UTF8*$!
{
	archiveVersion = 1;
	classes = {
	};
	objectVersion = 46;
	objects = {

/* Begin PBXBuildFile section */
		247AADA98B682C0C9206AE6C /* libPods.a in Frameworks */ = {isa = PBXBuildFile; fileRef = 102BB954CC2244ADB16E75B6 /* libPods.a */; };
		44CE23A51AF89A0A005FFE8B /* main.m in Sources */ = {isa = PBXBuildFile; fileRef = 44CE23A41AF89A0A005FFE8B /* main.m */; };
		44CE23A81AF89A0A005FFE8B /* AppDelegate.m in Sources */ = {isa = PBXBuildFile; fileRef = 44CE23A71AF89A0A005FFE8B /* AppDelegate.m */; };
		44CE23AB1AF89A0A005FFE8B /* ViewController.m in Sources */ = {isa = PBXBuildFile; fileRef = 44CE23AA1AF89A0A005FFE8B /* ViewController.m */; };
		44CE23AE1AF89A0B005FFE8B /* Main.storyboard in Resources */ = {isa = PBXBuildFile; fileRef = 44CE23AC1AF89A0B005FFE8B /* Main.storyboard */; };
		44CE23B01AF89A0B005FFE8B /* Images.xcassets in Resources */ = {isa = PBXBuildFile; fileRef = 44CE23AF1AF89A0B005FFE8B /* Images.xcassets */; };
		44CE23B31AF89A0B005FFE8B /* LaunchScreen.xib in Resources */ = {isa = PBXBuildFile; fileRef = 44CE23B11AF89A0B005FFE8B /* LaunchScreen.xib */; };
		44CE23BF1AF89A0B005FFE8B /* SCUtilityDemoTests.m in Sources */ = {isa = PBXBuildFile; fileRef = 44CE23BE1AF89A0B005FFE8B /* SCUtilityDemoTests.m */; };
		44FAF21D1B3D34C3005434F1 /* public_key.der in Resources */ = {isa = PBXBuildFile; fileRef = 44FAF21C1B3D34C3005434F1 /* public_key.der */; };
		44FAF21F1B3D4084005434F1 /* private_key.pem in Resources */ = {isa = PBXBuildFile; fileRef = 44FAF21E1B3D4084005434F1 /* private_key.pem */; };
/* End PBXBuildFile section */

/* Begin PBXContainerItemProxy section */
		44CE23B91AF89A0B005FFE8B /* PBXContainerItemProxy */ = {
			isa = PBXContainerItemProxy;
			containerPortal = 44CE23971AF89A0A005FFE8B /* Project object */;
			proxyType = 1;
			remoteGlobalIDString = 44CE239E1AF89A0A005FFE8B;
			remoteInfo = SCUtilityDemo;
		};
/* End PBXContainerItemProxy section */

/* Begin PBXFileReference section */
		102BB954CC2244ADB16E75B6 /* libPods.a */ = {isa = PBXFileReference; explicitFileType = archive.ar; includeInIndex = 0; path = libPods.a; sourceTree = BUILT_PRODUCTS_DIR; };
		37D4049FE0BDD65BAF6ACDA5 /* Pods.release.xcconfig */ = {isa = PBXFileReference; includeInIndex = 1; lastKnownFileType = text.xcconfig; name = Pods.release.xcconfig; path = "Pods/Target Support Files/Pods/Pods.release.xcconfig"; sourceTree = "<group>"; };
		44CE239F1AF89A0A005FFE8B /* SCUtilityDemo.app */ = {isa = PBXFileReference; explicitFileType = wrapper.application; includeInIndex = 0; path = SCUtilityDemo.app; sourceTree = BUILT_PRODUCTS_DIR; };
		44CE23A31AF89A0A005FFE8B /* Info.plist */ = {isa = PBXFileReference; lastKnownFileType = text.plist.xml; path = Info.plist; sourceTree = "<group>"; };
		44CE23A41AF89A0A005FFE8B /* main.m */ = {isa = PBXFileReference; lastKnownFileType = sourcecode.c.objc; path = main.m; sourceTree = "<group>"; };
		44CE23A61AF89A0A005FFE8B /* AppDelegate.h */ = {isa = PBXFileReference; lastKnownFileType = sourcecode.c.h; path = AppDelegate.h; sourceTree = "<group>"; };
		44CE23A71AF89A0A005FFE8B /* AppDelegate.m */ = {isa = PBXFileReference; lastKnownFileType = sourcecode.c.objc; path = AppDelegate.m; sourceTree = "<group>"; };
		44CE23A91AF89A0A005FFE8B /* ViewController.h */ = {isa = PBXFileReference; lastKnownFileType = sourcecode.c.h; path = ViewController.h; sourceTree = "<group>"; };
		44CE23AA1AF89A0A005FFE8B /* ViewController.m */ = {isa = PBXFileReference; lastKnownFileType = sourcecode.c.objc; path = ViewController.m; sourceTree = "<group>"; };
		44CE23AD1AF89A0B005FFE8B /* Base */ = {isa = PBXFileReference; lastKnownFileType = file.storyboard; name = Base; path = Base.lproj/Main.storyboard; sourceTree = "<group>"; };
		44CE23AF1AF89A0B005FFE8B /* Images.xcassets */ = {isa = PBXFileReference; lastKnownFileType = folder.assetcatalog; path = Images.xcassets; sourceTree = "<group>"; };
		44CE23B21AF89A0B005FFE8B /* Base */ = {isa = PBXFileReference; lastKnownFileType = file.xib; name = Base; path = Base.lproj/LaunchScreen.xib; sourceTree = "<group>"; };
		44CE23B81AF89A0B005FFE8B /* SCUtilityDemoTests.xctest */ = {isa = PBXFileReference; explicitFileType = wrapper.cfbundle; includeInIndex = 0; path = SCUtilityDemoTests.xctest; sourceTree = BUILT_PRODUCTS_DIR; };
		44CE23BD1AF89A0B005FFE8B /* Info.plist */ = {isa = PBXFileReference; lastKnownFileType = text.plist.xml; path = Info.plist; sourceTree = "<group>"; };
		44CE23BE1AF89A0B005FFE8B /* SCUtilityDemoTests.m */ = {isa = PBXFileReference; lastKnownFileType = sourcecode.c.objc; path = SCUtilityDemoTests.m; sourceTree = "<group>"; };
		44FAF21C1B3D34C3005434F1 /* public_key.der */ = {isa = PBXFileReference; lastKnownFileType = file; path = public_key.der; sourceTree = "<group>"; };
		44FAF21E1B3D4084005434F1 /* private_key.pem */ = {isa = PBXFileReference; fileEncoding = 4; lastKnownFileType = text; path = private_key.pem; sourceTree = "<group>"; };
		8A2564473B27E6BF4FEF861A /* Pods.debug.xcconfig */ = {isa = PBXFileReference; includeInIndex = 1; lastKnownFileType = text.xcconfig; name = Pods.debug.xcconfig; path = "Pods/Target Support Files/Pods/Pods.debug.xcconfig"; sourceTree = "<group>"; };
/* End PBXFileReference section */

/* Begin PBXFrameworksBuildPhase section */
		44CE239C1AF89A0A005FFE8B /* Frameworks */ = {
			isa = PBXFrameworksBuildPhase;
			buildActionMask = 2147483647;
			files = (
				247AADA98B682C0C9206AE6C /* libPods.a in Frameworks */,
			);
			runOnlyForDeploymentPostprocessing = 0;
		};
		44CE23B51AF89A0B005FFE8B /* Frameworks */ = {
			isa = PBXFrameworksBuildPhase;
			buildActionMask = 2147483647;
			files = (
			);
			runOnlyForDeploymentPostprocessing = 0;
		};
/* End PBXFrameworksBuildPhase section */

/* Begin PBXGroup section */
		44CE23961AF89A0A005FFE8B = {
			isa = PBXGroup;
			children = (
				44CE23A11AF89A0A005FFE8B /* SCUtilityDemo */,
				44CE23BB1AF89A0B005FFE8B /* SCUtilityDemoTests */,
				44CE23A01AF89A0A005FFE8B /* Products */,
				4863C37729CC8943475C59D0 /* Pods */,
				64A714B49BD54BD0BAF0FC8D /* Frameworks */,
			);
			sourceTree = "<group>";
		};
		44CE23A01AF89A0A005FFE8B /* Products */ = {
			isa = PBXGroup;
			children = (
				44CE239F1AF89A0A005FFE8B /* SCUtilityDemo.app */,
				44CE23B81AF89A0B005FFE8B /* SCUtilityDemoTests.xctest */,
			);
			name = Products;
			sourceTree = "<group>";
		};
		44CE23A11AF89A0A005FFE8B /* SCUtilityDemo */ = {
			isa = PBXGroup;
			children = (
				44CE23A61AF89A0A005FFE8B /* AppDelegate.h */,
				44CE23A71AF89A0A005FFE8B /* AppDelegate.m */,
				44CE23A91AF89A0A005FFE8B /* ViewController.h */,
				44CE23AA1AF89A0A005FFE8B /* ViewController.m */,
				44CE23AC1AF89A0B005FFE8B /* Main.storyboard */,
				44CE23AF1AF89A0B005FFE8B /* Images.xcassets */,
				44CE23B11AF89A0B005FFE8B /* LaunchScreen.xib */,
				44FAF21C1B3D34C3005434F1 /* public_key.der */,
				44FAF21E1B3D4084005434F1 /* private_key.pem */,
				44CE23A21AF89A0A005FFE8B /* Supporting Files */,
			);
			path = SCUtilityDemo;
			sourceTree = "<group>";
		};
		44CE23A21AF89A0A005FFE8B /* Supporting Files */ = {
			isa = PBXGroup;
			children = (
				44CE23A31AF89A0A005FFE8B /* Info.plist */,
				44CE23A41AF89A0A005FFE8B /* main.m */,
			);
			name = "Supporting Files";
			sourceTree = "<group>";
		};
		44CE23BB1AF89A0B005FFE8B /* SCUtilityDemoTests */ = {
			isa = PBXGroup;
			children = (
				44CE23BE1AF89A0B005FFE8B /* SCUtilityDemoTests.m */,
				44CE23BC1AF89A0B005FFE8B /* Supporting Files */,
			);
			path = SCUtilityDemoTests;
			sourceTree = "<group>";
		};
		44CE23BC1AF89A0B005FFE8B /* Supporting Files */ = {
			isa = PBXGroup;
			children = (
				44CE23BD1AF89A0B005FFE8B /* Info.plist */,
			);
			name = "Supporting Files";
			sourceTree = "<group>";
		};
		4863C37729CC8943475C59D0 /* Pods */ = {
			isa = PBXGroup;
			children = (
				8A2564473B27E6BF4FEF861A /* Pods.debug.xcconfig */,
				37D4049FE0BDD65BAF6ACDA5 /* Pods.release.xcconfig */,
			);
			name = Pods;
			sourceTree = "<group>";
		};
		64A714B49BD54BD0BAF0FC8D /* Frameworks */ = {
			isa = PBXGroup;
			children = (
				102BB954CC2244ADB16E75B6 /* libPods.a */,
			);
			name = Frameworks;
			sourceTree = "<group>";
		};
/* End PBXGroup section */

/* Begin PBXNativeTarget section */
		44CE239E1AF89A0A005FFE8B /* SCUtilityDemo */ = {
			isa = PBXNativeTarget;
			buildConfigurationList = 44CE23C21AF89A0B005FFE8B /* Build configuration list for PBXNativeTarget "SCUtilityDemo" */;
			buildPhases = (
				2AFDC33BCC0C1B99EC197039 /* Check Pods Manifest.lock */,
				44CE239B1AF89A0A005FFE8B /* Sources */,
				44CE239C1AF89A0A005FFE8B /* Frameworks */,
				44CE239D1AF89A0A005FFE8B /* Resources */,
				E1ACF4D7B2B854C6A8D68BDE /* Copy Pods Resources */,
			);
			buildRules = (
			);
			dependencies = (
			);
			name = SCUtilityDemo;
			productName = SCUtilityDemo;
			productReference = 44CE239F1AF89A0A005FFE8B /* SCUtilityDemo.app */;
			productType = "com.apple.product-type.application";
		};
		44CE23B71AF89A0B005FFE8B /* SCUtilityDemoTests */ = {
			isa = PBXNativeTarget;
			buildConfigurationList = 44CE23C51AF89A0B005FFE8B /* Build configuration list for PBXNativeTarget "SCUtilityDemoTests" */;
			buildPhases = (
				44CE23B41AF89A0B005FFE8B /* Sources */,
				44CE23B51AF89A0B005FFE8B /* Frameworks */,
				44CE23B61AF89A0B005FFE8B /* Resources */,
			);
			buildRules = (
			);
			dependencies = (
				44CE23BA1AF89A0B005FFE8B /* PBXTargetDependency */,
			);
			name = SCUtilityDemoTests;
			productName = SCUtilityDemoTests;
			productReference = 44CE23B81AF89A0B005FFE8B /* SCUtilityDemoTests.xctest */;
			productType = "com.apple.product-type.bundle.unit-test";
		};
/* End PBXNativeTarget section */

/* Begin PBXProject section */
		44CE23971AF89A0A005FFE8B /* Project object */ = {
			isa = PBXProject;
			attributes = {
				LastUpgradeCheck = 0630;
				ORGANIZATIONNAME = iChint;
				TargetAttributes = {
					44CE239E1AF89A0A005FFE8B = {
						CreatedOnToolsVersion = 6.3.1;
					};
					44CE23B71AF89A0B005FFE8B = {
						CreatedOnToolsVersion = 6.3.1;
						TestTargetID = 44CE239E1AF89A0A005FFE8B;
					};
				};
			};
			buildConfigurationList = 44CE239A1AF89A0A005FFE8B /* Build configuration list for PBXProject "SCUtilityDemo" */;
			compatibilityVersion = "Xcode 3.2";
			developmentRegion = English;
			hasScannedForEncodings = 0;
			knownRegions = (
				en,
				Base,
			);
			mainGroup = 44CE23961AF89A0A005FFE8B;
			productRefGroup = 44CE23A01AF89A0A005FFE8B /* Products */;
			projectDirPath = "";
			projectRoot = "";
			targets = (
				44CE239E1AF89A0A005FFE8B /* SCUtilityDemo */,
				44CE23B71AF89A0B005FFE8B /* SCUtilityDemoTests */,
			);
		};
/* End PBXProject section */

/* Begin PBXResourcesBuildPhase section */
		44CE239D1AF89A0A005FFE8B /* Resources */ = {
			isa = PBXResourcesBuildPhase;
			buildActionMask = 2147483647;
			files = (
				44FAF21F1B3D4084005434F1 /* private_key.pem in Resources */,
				44CE23AE1AF89A0B005FFE8B /* Main.storyboard in Resources */,
				44CE23B31AF89A0B005FFE8B /* LaunchScreen.xib in Resources */,
				44FAF21D1B3D34C3005434F1 /* public_key.der in Resources */,
				44CE23B01AF89A0B005FFE8B /* Images.xcassets in Resources */,
			);
			runOnlyForDeploymentPostprocessing = 0;
		};
		44CE23B61AF89A0B005FFE8B /* Resources */ = {
			isa = PBXResourcesBuildPhase;
			buildActionMask = 2147483647;
			files = (
			);
			runOnlyForDeploymentPostprocessing = 0;
		};
/* End PBXResourcesBuildPhase section */

/* Begin PBXShellScriptBuildPhase section */
		2AFDC33BCC0C1B99EC197039 /* Check Pods Manifest.lock */ = {
			isa = PBXShellScriptBuildPhase;
			buildActionMask = 2147483647;
			files = (
			);
			inputPaths = (
			);
			name = "Check Pods Manifest.lock";
			outputPaths = (
			);
			runOnlyForDeploymentPostprocessing = 0;
			shellPath = /bin/sh;
			shellScript = "diff \"${PODS_ROOT}/../Podfile.lock\" \"${PODS_ROOT}/Manifest.lock\" > /dev/null\nif [[ $? != 0 ]] ; then\n    cat << EOM\nerror: The sandbox is not in sync with the Podfile.lock. Run 'pod install' or update your CocoaPods installation.\nEOM\n    exit 1\nfi\n";
			showEnvVarsInLog = 0;
		};
		E1ACF4D7B2B854C6A8D68BDE /* Copy Pods Resources */ = {
			isa = PBXShellScriptBuildPhase;
			buildActionMask = 2147483647;
			files = (
			);
			inputPaths = (
			);
			name = "Copy Pods Resources";
			outputPaths = (
			);
			runOnlyForDeploymentPostprocessing = 0;
			shellPath = /bin/sh;
			shellScript = "\"${SRCROOT}/Pods/Target Support Files/Pods/Pods-resources.sh\"\n";
			showEnvVarsInLog = 0;
		};
/* End PBXShellScriptBuildPhase section */

/* Begin PBXSourcesBuildPhase section */
		44CE239B1AF89A0A005FFE8B /* Sources */ = {
			isa = PBXSourcesBuildPhase;
			buildActionMask = 2147483647;
			files = (
				44CE23AB1AF89A0A005FFE8B /* ViewController.m in Sources */,
				44CE23A81AF89A0A005FFE8B /* AppDelegate.m in Sources */,
				44CE23A51AF89A0A005FFE8B /* main.m in Sources */,
			);
			runOnlyForDeploymentPostprocessing = 0;
		};
		44CE23B41AF89A0B005FFE8B /* Sources */ = {
			isa = PBXSourcesBuildPhase;
			buildActionMask = 2147483647;
			files = (
				44CE23BF1AF89A0B005FFE8B /* SCUtilityDemoTests.m in Sources */,
			);
			runOnlyForDeploymentPostprocessing = 0;
		};
/* End PBXSourcesBuildPhase section */

/* Begin PBXTargetDependency section */
		44CE23BA1AF89A0B005FFE8B /* PBXTargetDependency */ = {
			isa = PBXTargetDependency;
			target = 44CE239E1AF89A0A005FFE8B /* SCUtilityDemo */;
			targetProxy = 44CE23B91AF89A0B005FFE8B /* PBXContainerItemProxy */;
		};
/* End PBXTargetDependency section */

/* Begin PBXVariantGroup section */
		44CE23AC1AF89A0B005FFE8B /* Main.storyboard */ = {
			isa = PBXVariantGroup;
			children = (
				44CE23AD1AF89A0B005FFE8B /* Base */,
			);
			name = Main.storyboard;
			sourceTree = "<group>";
		};
		44CE23B11AF89A0B005FFE8B /* LaunchScreen.xib */ = {
			isa = PBXVariantGroup;
			children = (
				44CE23B21AF89A0B005FFE8B /* Base */,
			);
			name = LaunchScreen.xib;
			sourceTree = "<group>";
		};
/* End PBXVariantGroup section */

/* Begin XCBuildConfiguration section */
		44CE23C01AF89A0B005FFE8B /* Debug */ = {
			isa = XCBuildConfiguration;
			buildSettings = {
				ALWAYS_SEARCH_USER_PATHS = NO;
				CLANG_CXX_LANGUAGE_STANDARD = "gnu++0x";
				CLANG_CXX_LIBRARY = "libc++";
				CLANG_ENABLE_MODULES = YES;
				CLANG_ENABLE_OBJC_ARC = YES;
				CLANG_WARN_BOOL_CONVERSION = YES;
				CLANG_WARN_CONSTANT_CONVERSION = YES;
				CLANG_WARN_DIRECT_OBJC_ISA_USAGE = YES_ERROR;
				CLANG_WARN_EMPTY_BODY = YES;
				CLANG_WARN_ENUM_CONVERSION = YES;
				CLANG_WARN_INT_CONVERSION = YES;
				CLANG_WARN_OBJC_ROOT_CLASS = YES_ERROR;
				CLANG_WARN_UNREACHABLE_CODE = YES;
				CLANG_WARN__DUPLICATE_METHOD_MATCH = YES;
				"CODE_SIGN_IDENTITY[sdk=iphoneos*]" = "iPhone Developer";
				COPY_PHASE_STRIP = NO;
				DEBUG_INFORMATION_FORMAT = "dwarf-with-dsym";
				ENABLE_STRICT_OBJC_MSGSEND = YES;
				GCC_C_LANGUAGE_STANDARD = gnu99;
				GCC_DYNAMIC_NO_PIC = NO;
				GCC_NO_COMMON_BLOCKS = YES;
				GCC_OPTIMIZATION_LEVEL = 0;
				GCC_PREPROCESSOR_DEFINITIONS = (
					"DEBUG=1",
					"$(inherited)",
				);
				GCC_SYMBOLS_PRIVATE_EXTERN = NO;
				GCC_WARN_64_TO_32_BIT_CONVERSION = YES;
				GCC_WARN_ABOUT_RETURN_TYPE = YES_ERROR;
				GCC_WARN_UNDECLARED_SELECTOR = YES;
				GCC_WARN_UNINITIALIZED_AUTOS = YES_AGGRESSIVE;
				GCC_WARN_UNUSED_FUNCTION = YES;
				GCC_WARN_UNUSED_VARIABLE = YES;
				IPHONEOS_DEPLOYMENT_TARGET = 8.3;
				MTL_ENABLE_DEBUG_INFO = YES;
				ONLY_ACTIVE_ARCH = YES;
				SDKROOT = iphoneos;
			};
			name = Debug;
		};
		44CE23C11AF89A0B005FFE8B /* Release */ = {
			isa = XCBuildConfiguration;
			buildSettings = {
				ALWAYS_SEARCH_USER_PATHS = NO;
				CLANG_CXX_LANGUAGE_STANDARD = "gnu++0x";
				CLANG_CXX_LIBRARY = "libc++";
				CLANG_ENABLE_MODULES = YES;
				CLANG_ENABLE_OBJC_ARC = YES;
				CLANG_WARN_BOOL_CONVERSION = YES;
				CLANG_WARN_CONSTANT_CONVERSION = YES;
				CLANG_WARN_DIRECT_OBJC_ISA_USAGE = YES_ERROR;
				CLANG_WARN_EMPTY_BODY = YES;
				CLANG_WARN_ENUM_CONVERSION = YES;
				CLANG_WARN_INT_CONVERSION = YES;
				CLANG_WARN_OBJC_ROOT_CLASS = YES_ERROR;
				CLANG_WARN_UNREACHABLE_CODE = YES;
				CLANG_WARN__DUPLICATE_METHOD_MATCH = YES;
				"CODE_SIGN_IDENTITY[sdk=iphoneos*]" = "iPhone Developer";
				COPY_PHASE_STRIP = NO;
				DEBUG_INFORMATION_FORMAT = "dwarf-with-dsym";
				ENABLE_NS_ASSERTIONS = NO;
				ENABLE_STRICT_OBJC_MSGSEND = YES;
				GCC_C_LANGUAGE_STANDARD = gnu99;
				GCC_NO_COMMON_BLOCKS = YES;
				GCC_WARN_64_TO_32_BIT_CONVERSION = YES;
				GCC_WARN_ABOUT_RETURN_TYPE = YES_ERROR;
				GCC_WARN_UNDECLARED_SELECTOR = YES;
				GCC_WARN_UNINITIALIZED_AUTOS = YES_AGGRESSIVE;
				GCC_WARN_UNUSED_FUNCTION = YES;
				GCC_WARN_UNUSED_VARIABLE = YES;
				IPHONEOS_DEPLOYMENT_TARGET = 8.3;
				MTL_ENABLE_DEBUG_INFO = NO;
				SDKROOT = iphoneos;
				VALIDATE_PRODUCT = YES;
			};
			name = Release;
		};
		44CE23C31AF89A0B005FFE8B /* Debug */ = {
			isa = XCBuildConfiguration;
			baseConfigurationReference = 8A2564473B27E6BF4FEF861A /* Pods.debug.xcconfig */;
			buildSettings = {
				ASSETCATALOG_COMPILER_APPICON_NAME = AppIcon;
				HEADER_SEARCH_PATHS = (
					"$(inherited)",
					"\"${PODS_ROOT}/Headers/Public\"",
					"\"${PODS_ROOT}/Headers/Public/AFNetworking\"",
					"\"${PODS_ROOT}/Headers/Public/GCJSONKit\"",
					"\"${PODS_ROOT}/Headers/Public/GCJSONKit/JSONKit\"",
					"\"${PODS_ROOT}/Headers/Public/SCUtility\"",
					"$(PROJECT_DIR)/SCUtilityDemo/openssl-libs/include/**",
				);
				INFOPLIST_FILE = SCUtilityDemo/Info.plist;
				LD_RUNPATH_SEARCH_PATHS = "$(inherited) @executable_path/Frameworks";
				LIBRARY_SEARCH_PATHS = (
					"$(inherited)",
					"$(PROJECT_DIR)/SCUtilityDemo/openssl-libs/lib",
				);
				PRODUCT_NAME = "$(TARGET_NAME)";
			};
			name = Debug;
		};
		44CE23C41AF89A0B005FFE8B /* Release */ = {
			isa = XCBuildConfiguration;
			baseConfigurationReference = 37D4049FE0BDD65BAF6ACDA5 /* Pods.release.xcconfig */;
			buildSettings = {
				ASSETCATALOG_COMPILER_APPICON_NAME = AppIcon;
				HEADER_SEARCH_PATHS = (
					"$(inherited)",
					"\"${PODS_ROOT}/Headers/Public\"",
					"\"${PODS_ROOT}/Headers/Public/AFNetworking\"",
					"\"${PODS_ROOT}/Headers/Public/GCJSONKit\"",
					"\"${PODS_ROOT}/Headers/Public/GCJSONKit/JSONKit\"",
					"\"${PODS_ROOT}/Headers/Public/SCUtility\"",
					"$(PROJECT_DIR)/SCUtilityDemo/openssl-libs/include/**",
				);
				INFOPLIST_FILE = SCUtilityDemo/Info.plist;
				LD_RUNPATH_SEARCH_PATHS = "$(inherited) @executable_path/Frameworks";
				LIBRARY_SEARCH_PATHS = (
					"$(inherited)",
					"$(PROJECT_DIR)/SCUtilityDemo/openssl-libs/lib",
				);
				PRODUCT_NAME = "$(TARGET_NAME)";
			};
			name = Release;
		};
		44CE23C61AF89A0B005FFE8B /* Debug */ = {
			isa = XCBuildConfiguration;
			buildSettings = {
				BUNDLE_LOADER = "$(TEST_HOST)";
				FRAMEWORK_SEARCH_PATHS = (
					"$(SDKROOT)/Developer/Library/Frameworks",
					"$(inherited)",
				);
				GCC_PREPROCESSOR_DEFINITIONS = (
					"DEBUG=1",
					"$(inherited)",
				);
				INFOPLIST_FILE = SCUtilityDemoTests/Info.plist;
				LD_RUNPATH_SEARCH_PATHS = "$(inherited) @executable_path/Frameworks @loader_path/Frameworks";
				PRODUCT_NAME = "$(TARGET_NAME)";
				TEST_HOST = "$(BUILT_PRODUCTS_DIR)/SCUtilityDemo.app/SCUtilityDemo";
			};
			name = Debug;
		};
		44CE23C71AF89A0B005FFE8B /* Release */ = {
			isa = XCBuildConfiguration;
			buildSettings = {
				BUNDLE_LOADER = "$(TEST_HOST)";
				FRAMEWORK_SEARCH_PATHS = (
					"$(SDKROOT)/Developer/Library/Frameworks",
					"$(inherited)",
				);
				INFOPLIST_FILE = SCUtilityDemoTests/Info.plist;
				LD_RUNPATH_SEARCH_PATHS = "$(inherited) @executable_path/Frameworks @loader_path/Frameworks";
				PRODUCT_NAME = "$(TARGET_NAME)";
				TEST_HOST = "$(BUILT_PRODUCTS_DIR)/SCUtilityDemo.app/SCUtilityDemo";
			};
			name = Release;
		};
/* End XCBuildConfiguration section */

/* Begin XCConfigurationList section */
		44CE239A1AF89A0A005FFE8B /* Build configuration list for PBXProject "SCUtilityDemo" */ = {
			isa = XCConfigurationList;
			buildConfigurations = (
				44CE23C01AF89A0B005FFE8B /* Debug */,
				44CE23C11AF89A0B005FFE8B /* Release */,
			);
			defaultConfigurationIsVisible = 0;
			defaultConfigurationName = Release;
		};
		44CE23C21AF89A0B005FFE8B /* Build configuration list for PBXNativeTarget "SCUtilityDemo" */ = {
			isa = XCConfigurationList;
			buildConfigurations = (
				44CE23C31AF89A0B005FFE8B /* Debug */,
				44CE23C41AF89A0B005FFE8B /* Release */,
			);
			defaultConfigurationIsVisible = 0;
			defaultConfigurationName = Release;
		};
		44CE23C51AF89A0B005FFE8B /* Build configuration list for PBXNativeTarget "SCUtilityDemoTests" */ = {
			isa = XCConfigurationList;
			buildConfigurations = (
				44CE23C61AF89A0B005FFE8B /* Debug */,
				44CE23C71AF89A0B005FFE8B /* Release */,
			);
			defaultConfigurationIsVisible = 0;
			defaultConfigurationName = Release;
		};
/* End XCConfigurationList section */
	};
	rootObject = 44CE23971AF89A0A005FFE8B /* Project object */;
}
